{
  "version": 4,
  "terraform_version": "1.3.7",
  "serial": 26,
  "lineage": "1dad50a4-e3ad-6a84-ac8d-0a3c6a6da448",
  "outputs": {},
  "resources": [
    {
      "mode": "managed",
      "type": "azurerm_linux_virtual_machine",
      "name": "FYP-VM-test",
      "provider": "provider[\"registry.terraform.io/hashicorp/azurerm\"]",
      "instances": [
        {
          "schema_version": 0,
          "attributes": {
            "additional_capabilities": [],
            "admin_password": "!Adminuser",
            "admin_ssh_key": [
              {
                "public_key": "ssh-rsa AAAAB3NzaC1yc2EAAAADAQABAAABgQCl1PdXqQa/7Js13OueUGG/7qe3z4EPnm5jOoHoEBBrwGR08D1Qmz9Wyu6joT6+QQQcvm3ySH5OwKrBg7wFR78HngjOFeJXZKYDuwq1JdoMsIEUgKqgn4N111Kq003jdBj2uUGwggJ1HuXkVZQF5Ab3uHCZTlmTbA+90E5GJ7XmRwj+mMACv6/I9d/R34Kd3qNUyF8xwzVeilcII9s/Z8dbcLJbywvCIroVZioEythCDVGSn+1aXm+WdfUKrXckN3obFvUzRo0M0Z+iecO2gkPND/nJ7iYQiko1SL6FPkIb9mVvJ+2JUh8QSfnDrrL3EpxeAJ+56ptP6Dx2TJdrEQ4dbBBZWaBjNTv8UXtvdvil3V+Wb3WTwlEdnSODwVtzuiX+d3YUwQCtg+d6AI4TtyKn9WUMP+q3BS+jsXKasMEEnvt0qpCK1/9oG0HiqzI5PUePsyjomrMP7fH7gNlXvOC1P0N3LzRnUIsWTOy31pIqfCidoXzek2Mnuuv+PBsl7xs= benng@DESKTOP-H5Q0NRT\r\n",
                "username": "adminuser"
              }
            ],
            "admin_username": "adminuser",
            "allow_extension_operations": true,
            "availability_set_id": "",
            "boot_diagnostics": [],
            "computer_name": "FYP-VM-test",
            "custom_data": "IyEvYmluL2Jhc2gNCnN1ZG8gYXB0LWdldCB1cGRhdGUgJiYNCnN1ZG8gREVCSUFOX0ZST05URU5EPW5vbmludGVyYWN0aXZlIGFwdC1nZXQgLXkgaW5zdGFsbCB4ZmNlNCAmJg0Kc3VkbyBhcHQgaW5zdGFsbCB4ZmNlNC1zZXNzaW9uICYmDQpzdWRvIGFwdC1nZXQgLXkgaW5zdGFsbCB4cmRwICYmDQpzdWRvIHN5c3RlbWN0bCBlbmFibGUgeHJkcCAmJg0Kc3VkbyBhZGR1c2VyIHhyZHAgc3NsLWNlcnQgJiYNCmVjaG8geGZjZTQtc2Vzc2lvbiA+fi8ueHNlc3Npb24gJiYNCnN1ZG8gc2VydmljZSB4cmRwIHJlc3RhcnQ=",
            "dedicated_host_group_id": "",
            "dedicated_host_id": "",
            "disable_password_authentication": false,
            "edge_zone": "",
            "encryption_at_host_enabled": false,
            "eviction_policy": "",
            "extensions_time_budget": "PT1H30M",
            "id": "/subscriptions/aa0a009d-a1f5-4b10-a579-9e3a6e67cda6/resourceGroups/FYP-resources/providers/Microsoft.Compute/virtualMachines/FYP-VM-test",
            "identity": [],
            "license_type": "",
            "location": "eastasia",
            "max_bid_price": -1,
            "name": "FYP-VM-test",
            "network_interface_ids": [
              "/subscriptions/aa0a009d-a1f5-4b10-a579-9e3a6e67cda6/resourceGroups/FYP-resources/providers/Microsoft.Network/networkInterfaces/FYP-nic"
            ],
            "os_disk": [
              {
                "caching": "ReadWrite",
                "diff_disk_settings": [],
                "disk_encryption_set_id": "",
                "disk_size_gb": 30,
                "name": "FYP-VM-test_OsDisk_1_ef0d5c8ee18a4861908c56e0840773ad",
                "storage_account_type": "Standard_LRS",
                "write_accelerator_enabled": false
              }
            ],
            "patch_mode": "ImageDefault",
            "plan": [],
            "platform_fault_domain": -1,
            "priority": "Regular",
            "private_ip_address": "10.123.1.4",
            "private_ip_addresses": [
              "10.123.1.4"
            ],
            "provision_vm_agent": true,
            "proximity_placement_group_id": "",
            "public_ip_address": "20.24.200.141",
            "public_ip_addresses": [
              "20.24.200.141"
            ],
            "resource_group_name": "FYP-resources",
            "secret": [],
            "secure_boot_enabled": false,
            "size": "Standard_B2s",
            "source_image_id": "",
            "source_image_reference": [
              {
                "offer": "UbuntuServer",
                "publisher": "Canonical",
                "sku": "18.04-LTS",
                "version": "latest"
              }
            ],
            "tags": null,
            "termination_notification": null,
            "timeouts": null,
            "user_data": "",
            "virtual_machine_id": "6dcc53e6-2324-4f6f-9b31-ee5b798f90e5",
            "virtual_machine_scale_set_id": "",
            "vtpm_enabled": false,
            "zone": ""
          },
          "sensitive_attributes": [],
          "private": "eyJlMmJmYjczMC1lY2FhLTExZTYtOGY4OC0zNDM2M2JjN2M0YzAiOnsiY3JlYXRlIjoyNzAwMDAwMDAwMDAwLCJkZWxldGUiOjI3MDAwMDAwMDAwMDAsInJlYWQiOjMwMDAwMDAwMDAwMCwidXBkYXRlIjoyNzAwMDAwMDAwMDAwfX0=",
          "dependencies": [
            "azurerm_network_interface.FYP-nic",
            "azurerm_resource_group.FYP"
          ]
        }
      ]
    },
    {
      "mode": "managed",
      "type": "azurerm_network_interface",
      "name": "FYP-nic",
      "provider": "provider[\"registry.terraform.io/hashicorp/azurerm\"]",
      "instances": [
        {
          "schema_version": 0,
          "attributes": {
            "applied_dns_servers": [],
            "dns_servers": [],
            "edge_zone": "",
            "enable_accelerated_networking": false,
            "enable_ip_forwarding": false,
            "id": "/subscriptions/aa0a009d-a1f5-4b10-a579-9e3a6e67cda6/resourceGroups/FYP-resources/providers/Microsoft.Network/networkInterfaces/FYP-nic",
            "internal_dns_name_label": "",
            "internal_domain_name_suffix": "xs2fpgypozyurjadpugbtr41ze.hx.internal.cloudapp.net",
            "ip_configuration": [
              {
                "gateway_load_balancer_frontend_ip_configuration_id": "",
                "name": "internal",
                "primary": true,
                "private_ip_address": "10.123.1.4",
                "private_ip_address_allocation": "Dynamic",
                "private_ip_address_version": "IPv4",
                "public_ip_address_id": "/subscriptions/aa0a009d-a1f5-4b10-a579-9e3a6e67cda6/resourceGroups/FYP-resources/providers/Microsoft.Network/publicIPAddresses/FYP-ip",
                "subnet_id": "/subscriptions/aa0a009d-a1f5-4b10-a579-9e3a6e67cda6/resourceGroups/FYP-resources/providers/Microsoft.Network/virtualNetworks/FYP-network/subnets/FYP-subnet"
              }
            ],
            "location": "eastasia",
            "mac_address": "00-22-48-1A-03-F2",
            "name": "FYP-nic",
            "private_ip_address": "10.123.1.4",
            "private_ip_addresses": [
              "10.123.1.4"
            ],
            "resource_group_name": "FYP-resources",
            "tags": {
              "environment": "dev"
            },
            "timeouts": null,
            "virtual_machine_id": "/subscriptions/aa0a009d-a1f5-4b10-a579-9e3a6e67cda6/resourceGroups/FYP-resources/providers/Microsoft.Compute/virtualMachines/FYP-VM-test"
          },
          "sensitive_attributes": [],
          "private": "eyJlMmJmYjczMC1lY2FhLTExZTYtOGY4OC0zNDM2M2JjN2M0YzAiOnsiY3JlYXRlIjoxODAwMDAwMDAwMDAwLCJkZWxldGUiOjE4MDAwMDAwMDAwMDAsInJlYWQiOjMwMDAwMDAwMDAwMCwidXBkYXRlIjoxODAwMDAwMDAwMDAwfX0=",
          "dependencies": [
            "azurerm_public_ip.FYP-ip",
            "azurerm_resource_group.FYP",
            "azurerm_subnet.FYP-subnet",
            "azurerm_virtual_network.FYP-VN"
          ]
        }
      ]
    },
    {
      "mode": "managed",
      "type": "azurerm_network_security_group",
      "name": "FYP-sg",
      "provider": "provider[\"registry.terraform.io/hashicorp/azurerm\"]",
      "instances": [
        {
          "schema_version": 0,
          "attributes": {
            "id": "/subscriptions/aa0a009d-a1f5-4b10-a579-9e3a6e67cda6/resourceGroups/FYP-resources/providers/Microsoft.Network/networkSecurityGroups/FYP-sg",
            "location": "eastasia",
            "name": "FYP-sg",
            "resource_group_name": "FYP-resources",
            "security_rule": [
              {
                "access": "Allow",
                "description": "",
                "destination_address_prefix": "*",
                "destination_address_prefixes": [],
                "destination_application_security_group_ids": [],
                "destination_port_range": "*",
                "destination_port_ranges": [],
                "direction": "Inbound",
                "name": "FYP-dev-rule",
                "priority": 100,
                "protocol": "*",
                "source_address_prefix": "*",
                "source_address_prefixes": [],
                "source_application_security_group_ids": [],
                "source_port_range": "*",
                "source_port_ranges": []
              }
            ],
            "tags": {
              "environment": "dev"
            },
            "timeouts": null
          },
          "sensitive_attributes": [],
          "private": "eyJlMmJmYjczMC1lY2FhLTExZTYtOGY4OC0zNDM2M2JjN2M0YzAiOnsiY3JlYXRlIjoxODAwMDAwMDAwMDAwLCJkZWxldGUiOjE4MDAwMDAwMDAwMDAsInJlYWQiOjMwMDAwMDAwMDAwMCwidXBkYXRlIjoxODAwMDAwMDAwMDAwfX0=",
          "dependencies": [
            "azurerm_resource_group.FYP"
          ]
        }
      ]
    },
    {
      "mode": "managed",
      "type": "azurerm_network_security_rule",
      "name": "FYP-dev-rule",
      "provider": "provider[\"registry.terraform.io/hashicorp/azurerm\"]",
      "instances": [
        {
          "schema_version": 0,
          "attributes": {
            "access": "Allow",
            "description": "",
            "destination_address_prefix": "*",
            "destination_address_prefixes": [],
            "destination_application_security_group_ids": [],
            "destination_port_range": "*",
            "destination_port_ranges": [],
            "direction": "Inbound",
            "id": "/subscriptions/aa0a009d-a1f5-4b10-a579-9e3a6e67cda6/resourceGroups/FYP-resources/providers/Microsoft.Network/networkSecurityGroups/FYP-sg/securityRules/FYP-dev-rule",
            "name": "FYP-dev-rule",
            "network_security_group_name": "FYP-sg",
            "priority": 100,
            "protocol": "*",
            "resource_group_name": "FYP-resources",
            "source_address_prefix": "*",
            "source_address_prefixes": [],
            "source_application_security_group_ids": [],
            "source_port_range": "*",
            "source_port_ranges": [],
            "timeouts": null
          },
          "sensitive_attributes": [],
          "private": "eyJlMmJmYjczMC1lY2FhLTExZTYtOGY4OC0zNDM2M2JjN2M0YzAiOnsiY3JlYXRlIjoxODAwMDAwMDAwMDAwLCJkZWxldGUiOjE4MDAwMDAwMDAwMDAsInJlYWQiOjMwMDAwMDAwMDAwMCwidXBkYXRlIjoxODAwMDAwMDAwMDAwfX0=",
          "dependencies": [
            "azurerm_network_security_group.FYP-sg",
            "azurerm_resource_group.FYP"
          ]
        }
      ]
    },
    {
      "mode": "managed",
      "type": "azurerm_public_ip",
      "name": "FYP-ip",
      "provider": "provider[\"registry.terraform.io/hashicorp/azurerm\"]",
      "instances": [
        {
          "schema_version": 0,
          "attributes": {
            "allocation_method": "Dynamic",
            "domain_name_label": null,
            "edge_zone": "",
            "fqdn": null,
            "id": "/subscriptions/aa0a009d-a1f5-4b10-a579-9e3a6e67cda6/resourceGroups/FYP-resources/providers/Microsoft.Network/publicIPAddresses/FYP-ip",
            "idle_timeout_in_minutes": 4,
            "ip_address": "20.239.88.49",
            "ip_tags": {},
            "ip_version": "IPv4",
            "location": "eastasia",
            "name": "FYP-ip",
            "public_ip_prefix_id": null,
            "resource_group_name": "FYP-resources",
            "reverse_fqdn": null,
            "sku": "Basic",
            "sku_tier": "Regional",
            "tags": {
              "environment": "dev"
            },
            "timeouts": null,
            "zones": []
          },
          "sensitive_attributes": [],
          "private": "eyJlMmJmYjczMC1lY2FhLTExZTYtOGY4OC0zNDM2M2JjN2M0YzAiOnsiY3JlYXRlIjoxODAwMDAwMDAwMDAwLCJkZWxldGUiOjE4MDAwMDAwMDAwMDAsInJlYWQiOjMwMDAwMDAwMDAwMCwidXBkYXRlIjoxODAwMDAwMDAwMDAwfX0=",
          "dependencies": [
            "azurerm_resource_group.FYP"
          ]
        }
      ]
    },
    {
      "mode": "managed",
      "type": "azurerm_resource_group",
      "name": "FYP",
      "provider": "provider[\"registry.terraform.io/hashicorp/azurerm\"]",
      "instances": [
        {
          "schema_version": 0,
          "attributes": {
            "id": "/subscriptions/aa0a009d-a1f5-4b10-a579-9e3a6e67cda6/resourceGroups/FYP-resources",
            "location": "eastasia",
            "name": "FYP-resources",
            "tags": {
              "environment": "dev"
            },
            "timeouts": null
          },
          "sensitive_attributes": [],
          "private": "eyJlMmJmYjczMC1lY2FhLTExZTYtOGY4OC0zNDM2M2JjN2M0YzAiOnsiY3JlYXRlIjo1NDAwMDAwMDAwMDAwLCJkZWxldGUiOjU0MDAwMDAwMDAwMDAsInJlYWQiOjMwMDAwMDAwMDAwMCwidXBkYXRlIjo1NDAwMDAwMDAwMDAwfX0="
        }
      ]
    },
    {
      "mode": "managed",
      "type": "azurerm_subnet",
      "name": "FYP-subnet",
      "provider": "provider[\"registry.terraform.io/hashicorp/azurerm\"]",
      "instances": [
        {
          "schema_version": 0,
          "attributes": {
            "address_prefixes": [
              "10.123.1.0/24"
            ],
            "delegation": [],
            "enforce_private_link_endpoint_network_policies": false,
            "enforce_private_link_service_network_policies": false,
            "id": "/subscriptions/aa0a009d-a1f5-4b10-a579-9e3a6e67cda6/resourceGroups/FYP-resources/providers/Microsoft.Network/virtualNetworks/FYP-network/subnets/FYP-subnet",
            "name": "FYP-subnet",
            "resource_group_name": "FYP-resources",
            "service_endpoint_policy_ids": [],
            "service_endpoints": [],
            "timeouts": null,
            "virtual_network_name": "FYP-network"
          },
          "sensitive_attributes": [],
          "private": "eyJlMmJmYjczMC1lY2FhLTExZTYtOGY4OC0zNDM2M2JjN2M0YzAiOnsiY3JlYXRlIjoxODAwMDAwMDAwMDAwLCJkZWxldGUiOjE4MDAwMDAwMDAwMDAsInJlYWQiOjMwMDAwMDAwMDAwMCwidXBkYXRlIjoxODAwMDAwMDAwMDAwfX0=",
          "dependencies": [
            "azurerm_resource_group.FYP",
            "azurerm_virtual_network.FYP-VN"
          ]
        }
      ]
    },
    {
      "mode": "managed",
      "type": "azurerm_subnet_network_security_group_association",
      "name": "FYP-sga",
      "provider": "provider[\"registry.terraform.io/hashicorp/azurerm\"]",
      "instances": [
        {
          "schema_version": 0,
          "attributes": {
            "id": "/subscriptions/aa0a009d-a1f5-4b10-a579-9e3a6e67cda6/resourceGroups/FYP-resources/providers/Microsoft.Network/virtualNetworks/FYP-network/subnets/FYP-subnet",
            "network_security_group_id": "/subscriptions/aa0a009d-a1f5-4b10-a579-9e3a6e67cda6/resourceGroups/FYP-resources/providers/Microsoft.Network/networkSecurityGroups/FYP-sg",
            "subnet_id": "/subscriptions/aa0a009d-a1f5-4b10-a579-9e3a6e67cda6/resourceGroups/FYP-resources/providers/Microsoft.Network/virtualNetworks/FYP-network/subnets/FYP-subnet",
            "timeouts": null
          },
          "sensitive_attributes": [],
          "private": "eyJlMmJmYjczMC1lY2FhLTExZTYtOGY4OC0zNDM2M2JjN2M0YzAiOnsiY3JlYXRlIjoxODAwMDAwMDAwMDAwLCJkZWxldGUiOjE4MDAwMDAwMDAwMDAsInJlYWQiOjMwMDAwMDAwMDAwMCwidXBkYXRlIjoxODAwMDAwMDAwMDAwfX0=",
          "dependencies": [
            "azurerm_network_security_group.FYP-sg",
            "azurerm_resource_group.FYP",
            "azurerm_subnet.FYP-subnet",
            "azurerm_virtual_network.FYP-VN"
          ]
        }
      ]
    },
    {
      "mode": "managed",
      "type": "azurerm_virtual_network",
      "name": "FYP-VN",
      "provider": "provider[\"registry.terraform.io/hashicorp/azurerm\"]",
      "instances": [
        {
          "schema_version": 0,
          "attributes": {
            "address_space": [
              "10.123.0.0/16"
            ],
            "bgp_community": "",
            "ddos_protection_plan": [],
            "dns_servers": [],
            "edge_zone": "",
            "flow_timeout_in_minutes": 0,
            "guid": "9b57b8bc-760f-4871-a403-7d0c19c7dbcc",
            "id": "/subscriptions/aa0a009d-a1f5-4b10-a579-9e3a6e67cda6/resourceGroups/FYP-resources/providers/Microsoft.Network/virtualNetworks/FYP-network",
            "location": "eastasia",
            "name": "FYP-network",
            "resource_group_name": "FYP-resources",
            "subnet": [
              {
                "address_prefix": "10.123.1.0/24",
                "id": "/subscriptions/aa0a009d-a1f5-4b10-a579-9e3a6e67cda6/resourceGroups/FYP-resources/providers/Microsoft.Network/virtualNetworks/FYP-network/subnets/FYP-subnet",
                "name": "FYP-subnet",
                "security_group": "/subscriptions/aa0a009d-a1f5-4b10-a579-9e3a6e67cda6/resourceGroups/FYP-resources/providers/Microsoft.Network/networkSecurityGroups/FYP-sg"
              }
            ],
            "tags": {
              "environment": "dev"
            },
            "timeouts": null
          },
          "sensitive_attributes": [],
          "private": "eyJlMmJmYjczMC1lY2FhLTExZTYtOGY4OC0zNDM2M2JjN2M0YzAiOnsiY3JlYXRlIjoxODAwMDAwMDAwMDAwLCJkZWxldGUiOjE4MDAwMDAwMDAwMDAsInJlYWQiOjMwMDAwMDAwMDAwMCwidXBkYXRlIjoxODAwMDAwMDAwMDAwfX0=",
          "dependencies": [
            "azurerm_resource_group.FYP"
          ]
        }
      ]
    }
  ],
  "check_results": null
}
